PODS:
  - CKCircleMenuView (0.3.1)
  - MagicalRecord (2.3.2):
    - MagicalRecord/Core (= 2.3.2)
  - MagicalRecord/Core (2.3.2)

DEPENDENCIES:
  - CKCircleMenuView
  - MagicalRecord

SPEC CHECKSUMS:
  CKCircleMenuView: 2c4183c79c84cb94b8b27714d8e7ebcf4de67e5e
  MagicalRecord: 53bed74b4323b930992a725be713e53b37d19755

PODFILE CHECKSUM: 3e575ce5a85ec5d201ffb31f22da19567bbaeaf7

COCOAPODS: 1.2.1
