// !$*UTF8*$!
{
	archiveVersion = 1;
	classes = {
	};
	objectVersion = 46;
	objects = {

/* Begin PBXBuildFile section */
		4A725E5FC71FFF30AC12E7EA /* Pods_Final_Work.framework in Frameworks */ = {isa = PBXBuildFile; fileRef = 4C5CB785AADEDDC369199F4C /* Pods_Final_Work.framework */; };
		9F2B1B191EF02031005ED060 /* Final_Work.xcdatamodeld in Sources */ = {isa = PBXBuildFile; fileRef = 9F2B1B171EF02031005ED060 /* Final_Work.xcdatamodeld */; };
		9F80B35A1EE844D5007F2BA4 /* CostCell.xib in Resources */ = {isa = PBXBuildFile; fileRef = 9F80B34F1EE844D5007F2BA4 /* CostCell.xib */; };
		9F80B3791EE8ED24007F2BA4 /* CostCell.m in Sources */ = {isa = PBXBuildFile; fileRef = 9F80B3761EE8EC8E007F2BA4 /* CostCell.m */; };
		9F80B3851EE914DF007F2BA4 /* CostsListViewController.m in Sources */ = {isa = PBXBuildFile; fileRef = 9F80B3831EE914DF007F2BA4 /* CostsListViewController.m */; };
		9F80B3861EE914DF007F2BA4 /* CostsListView.xib in Resources */ = {isa = PBXBuildFile; fileRef = 9F80B3841EE914DF007F2BA4 /* CostsListView.xib */; };
		9F80B3891EE9196F007F2BA4 /* ItemManager.m in Sources */ = {isa = PBXBuildFile; fileRef = 9F80B3881EE9196F007F2BA4 /* ItemManager.m */; };
		9F80B38D1EE91F6A007F2BA4 /* IncomesListViewController.m in Sources */ = {isa = PBXBuildFile; fileRef = 9F80B38B1EE91F6A007F2BA4 /* IncomesListViewController.m */; };
		9F80B38E1EE91F6A007F2BA4 /* IncomesListView.xib in Resources */ = {isa = PBXBuildFile; fileRef = 9F80B38C1EE91F6A007F2BA4 /* IncomesListView.xib */; };
		9FA9E5CD1EF0234600061812 /* _Item.m in Sources */ = {isa = PBXBuildFile; fileRef = 9FA9E5CC1EF0234600061812 /* _Item.m */; };
		9FA9E5D01EF0235000061812 /* Item.m in Sources */ = {isa = PBXBuildFile; fileRef = 9FA9E5CF1EF0235000061812 /* Item.m */; };
		9FA9E5D21EF0238B00061812 /* Model.xcmappingmodel in Sources */ = {isa = PBXBuildFile; fileRef = 9FA9E5D11EF0238B00061812 /* Model.xcmappingmodel */; };
		9FA9E5D61EF0331D00061812 /* SettingViewController.m in Sources */ = {isa = PBXBuildFile; fileRef = 9FA9E5D41EF0331D00061812 /* SettingViewController.m */; };
		9FA9E5D71EF0331D00061812 /* SettingView.xib in Resources */ = {isa = PBXBuildFile; fileRef = 9FA9E5D51EF0331D00061812 /* SettingView.xib */; };
		9FA9E5D91EF045E700061812 /* Settings.bundle in Resources */ = {isa = PBXBuildFile; fileRef = 9FA9E5D81EF045E700061812 /* Settings.bundle */; };
		9FA9E5E61EF17AF400061812 /* StatisticsChartViewController.m in Sources */ = {isa = PBXBuildFile; fileRef = 9FA9E5E41EF17AF400061812 /* StatisticsChartViewController.m */; };
		9FA9E5E71EF17AF400061812 /* StatisticsChartView.xib in Resources */ = {isa = PBXBuildFile; fileRef = 9FA9E5E51EF17AF400061812 /* StatisticsChartView.xib */; };
		9FA9E5EB1EF1A35900061812 /* StatisticsCell.m in Sources */ = {isa = PBXBuildFile; fileRef = 9FA9E5E91EF1A35800061812 /* StatisticsCell.m */; };
		9FA9E5EC1EF1A35900061812 /* StatisticsCell.xib in Resources */ = {isa = PBXBuildFile; fileRef = 9FA9E5EA1EF1A35900061812 /* StatisticsCell.xib */; };
		9FA9E5F51EF22DE200061812 /* PreviewViewController.m in Sources */ = {isa = PBXBuildFile; fileRef = 9FA9E5F31EF22DE200061812 /* PreviewViewController.m */; };
		9FA9E5F61EF22DE200061812 /* PreviewView.xib in Resources */ = {isa = PBXBuildFile; fileRef = 9FA9E5F41EF22DE200061812 /* PreviewView.xib */; };
		9FA9E5F81EF23A6600061812 /* Images.xcassets in Resources */ = {isa = PBXBuildFile; fileRef = 9FA9E5F71EF23A6600061812 /* Images.xcassets */; };
		9FAA8F7D1ED6DD56002E56EB /* main.m in Sources */ = {isa = PBXBuildFile; fileRef = 9FAA8F7C1ED6DD56002E56EB /* main.m */; };
		9FAA8F801ED6DD56002E56EB /* AppDelegate.m in Sources */ = {isa = PBXBuildFile; fileRef = 9FAA8F7F1ED6DD56002E56EB /* AppDelegate.m */; };
		9FAA8F8E1ED6DD56002E56EB /* LaunchScreen.storyboard in Resources */ = {isa = PBXBuildFile; fileRef = 9FAA8F8C1ED6DD56002E56EB /* LaunchScreen.storyboard */; };
		9FBFD3D11EE706C100DBEFBC /* RootView.xib in Resources */ = {isa = PBXBuildFile; fileRef = 9FBFD3CF1EE706C100DBEFBC /* RootView.xib */; };
		9FBFD3D91EE7A2C800DBEFBC /* UIView+Utils.m in Sources */ = {isa = PBXBuildFile; fileRef = 9FBFD3D81EE7A2C800DBEFBC /* UIView+Utils.m */; };
		9FBFD3DA1EE7AB9300DBEFBC /* RootViewController.m in Sources */ = {isa = PBXBuildFile; fileRef = 9FBFD3CE1EE706C100DBEFBC /* RootViewController.m */; };
		9FD904181EEB9D180004D4C7 /* AddItemView.xib in Resources */ = {isa = PBXBuildFile; fileRef = 9F80B3511EE844D5007F2BA4 /* AddItemView.xib */; };
		9FD9041C1EEBA10C0004D4C7 /* AddItemViewController.m in Sources */ = {isa = PBXBuildFile; fileRef = 9FD9041A1EEBA10C0004D4C7 /* AddItemViewController.m */; };
/* End PBXBuildFile section */

/* Begin PBXFileReference section */
		33E82FFECD113A4621078F52 /* Pods-Final_Work.debug.xcconfig */ = {isa = PBXFileReference; includeInIndex = 1; lastKnownFileType = text.xcconfig; name = "Pods-Final_Work.debug.xcconfig"; path = "Pods/Target Support Files/Pods-Final_Work/Pods-Final_Work.debug.xcconfig"; sourceTree = "<group>"; };
		4C5CB785AADEDDC369199F4C /* Pods_Final_Work.framework */ = {isa = PBXFileReference; explicitFileType = wrapper.framework; includeInIndex = 0; path = Pods_Final_Work.framework; sourceTree = BUILT_PRODUCTS_DIR; };
		9F2B1B181EF02031005ED060 /* Final_Work.xcdatamodel */ = {isa = PBXFileReference; lastKnownFileType = wrapper.xcdatamodel; path = Final_Work.xcdatamodel; sourceTree = "<group>"; };
		9F2B1B201EF021E9005ED060 /* Final_Work 2.xcdatamodel */ = {isa = PBXFileReference; lastKnownFileType = wrapper.xcdatamodel; path = "Final_Work 2.xcdatamodel"; sourceTree = "<group>"; };
		9F80B34F1EE844D5007F2BA4 /* CostCell.xib */ = {isa = PBXFileReference; fileEncoding = 4; lastKnownFileType = file.xib; name = CostCell.xib; path = View/CostCell.xib; sourceTree = "<group>"; };
		9F80B3511EE844D5007F2BA4 /* AddItemView.xib */ = {isa = PBXFileReference; fileEncoding = 4; lastKnownFileType = file.xib; name = AddItemView.xib; path = View/AddItemView.xib; sourceTree = "<group>"; };
		9F80B36B1EE8EA3E007F2BA4 /* CostCell.h */ = {isa = PBXFileReference; fileEncoding = 4; lastKnownFileType = sourcecode.c.h; name = CostCell.h; path = View/CostCell.h; sourceTree = "<group>"; };
		9F80B3761EE8EC8E007F2BA4 /* CostCell.m */ = {isa = PBXFileReference; fileEncoding = 4; lastKnownFileType = sourcecode.c.objc; name = CostCell.m; path = View/CostCell.m; sourceTree = "<group>"; };
		9F80B3821EE914DF007F2BA4 /* CostsListViewController.h */ = {isa = PBXFileReference; fileEncoding = 4; lastKnownFileType = sourcecode.c.h; name = CostsListViewController.h; path = View/CostsListViewController.h; sourceTree = "<group>"; };
		9F80B3831EE914DF007F2BA4 /* CostsListViewController.m */ = {isa = PBXFileReference; fileEncoding = 4; lastKnownFileType = sourcecode.c.objc; name = CostsListViewController.m; path = View/CostsListViewController.m; sourceTree = "<group>"; };
		9F80B3841EE914DF007F2BA4 /* CostsListView.xib */ = {isa = PBXFileReference; fileEncoding = 4; lastKnownFileType = file.xib; name = CostsListView.xib; path = View/CostsListView.xib; sourceTree = "<group>"; };
		9F80B3871EE9196F007F2BA4 /* ItemManager.h */ = {isa = PBXFileReference; fileEncoding = 4; lastKnownFileType = sourcecode.c.h; name = ItemManager.h; path = Model/ItemManager.h; sourceTree = "<group>"; };
		9F80B3881EE9196F007F2BA4 /* ItemManager.m */ = {isa = PBXFileReference; fileEncoding = 4; lastKnownFileType = sourcecode.c.objc; name = ItemManager.m; path = Model/ItemManager.m; sourceTree = "<group>"; };
		9F80B38A1EE91F6A007F2BA4 /* IncomesListViewController.h */ = {isa = PBXFileReference; fileEncoding = 4; lastKnownFileType = sourcecode.c.h; name = IncomesListViewController.h; path = View/IncomesListViewController.h; sourceTree = "<group>"; };
		9F80B38B1EE91F6A007F2BA4 /* IncomesListViewController.m */ = {isa = PBXFileReference; fileEncoding = 4; lastKnownFileType = sourcecode.c.objc; name = IncomesListViewController.m; path = View/IncomesListViewController.m; sourceTree = "<group>"; };
		9F80B38C1EE91F6A007F2BA4 /* IncomesListView.xib */ = {isa = PBXFileReference; fileEncoding = 4; lastKnownFileType = file.xib; name = IncomesListView.xib; path = View/IncomesListView.xib; sourceTree = "<group>"; };
		9FA9E5CB1EF0234600061812 /* _Item.h */ = {isa = PBXFileReference; fileEncoding = 4; lastKnownFileType = sourcecode.c.h; path = _Item.h; sourceTree = "<group>"; };
		9FA9E5CC1EF0234600061812 /* _Item.m */ = {isa = PBXFileReference; fileEncoding = 4; lastKnownFileType = sourcecode.c.objc; path = _Item.m; sourceTree = "<group>"; };
		9FA9E5CE1EF0235000061812 /* Item.h */ = {isa = PBXFileReference; fileEncoding = 4; lastKnownFileType = sourcecode.c.h; name = Item.h; path = Model/Item.h; sourceTree = "<group>"; };
		9FA9E5CF1EF0235000061812 /* Item.m */ = {isa = PBXFileReference; fileEncoding = 4; lastKnownFileType = sourcecode.c.objc; name = Item.m; path = Model/Item.m; sourceTree = "<group>"; };
		9FA9E5D11EF0238B00061812 /* Model.xcmappingmodel */ = {isa = PBXFileReference; lastKnownFileType = wrapper.xcmappingmodel; name = Model.xcmappingmodel; path = ../Model.xcmappingmodel; sourceTree = "<group>"; };
		9FA9E5D31EF0331D00061812 /* SettingViewController.h */ = {isa = PBXFileReference; fileEncoding = 4; lastKnownFileType = sourcecode.c.h; name = SettingViewController.h; path = View/SettingViewController.h; sourceTree = "<group>"; };
		9FA9E5D41EF0331D00061812 /* SettingViewController.m */ = {isa = PBXFileReference; fileEncoding = 4; lastKnownFileType = sourcecode.c.objc; name = SettingViewController.m; path = View/SettingViewController.m; sourceTree = "<group>"; };
		9FA9E5D51EF0331D00061812 /* SettingView.xib */ = {isa = PBXFileReference; fileEncoding = 4; lastKnownFileType = file.xib; name = SettingView.xib; path = View/SettingView.xib; sourceTree = "<group>"; };
		9FA9E5D81EF045E700061812 /* Settings.bundle */ = {isa = PBXFileReference; lastKnownFileType = "wrapper.plug-in"; name = Settings.bundle; path = Setting/Settings.bundle; sourceTree = "<group>"; };
		9FA9E5E31EF17AF400061812 /* StatisticsChartViewController.h */ = {isa = PBXFileReference; fileEncoding = 4; lastKnownFileType = sourcecode.c.h; name = StatisticsChartViewController.h; path = View/StatisticsChartViewController.h; sourceTree = "<group>"; };
		9FA9E5E41EF17AF400061812 /* StatisticsChartViewController.m */ = {isa = PBXFileReference; fileEncoding = 4; lastKnownFileType = sourcecode.c.objc; name = StatisticsChartViewController.m; path = View/StatisticsChartViewController.m; sourceTree = "<group>"; };
		9FA9E5E51EF17AF400061812 /* StatisticsChartView.xib */ = {isa = PBXFileReference; fileEncoding = 4; lastKnownFileType = file.xib; name = StatisticsChartView.xib; path = View/StatisticsChartView.xib; sourceTree = "<group>"; };
		9FA9E5E81EF1A35800061812 /* StatisticsCell.h */ = {isa = PBXFileReference; fileEncoding = 4; lastKnownFileType = sourcecode.c.h; name = StatisticsCell.h; path = View/StatisticsCell.h; sourceTree = "<group>"; };
		9FA9E5E91EF1A35800061812 /* StatisticsCell.m */ = {isa = PBXFileReference; fileEncoding = 4; lastKnownFileType = sourcecode.c.objc; name = StatisticsCell.m; path = View/StatisticsCell.m; sourceTree = "<group>"; };
		9FA9E5EA1EF1A35900061812 /* StatisticsCell.xib */ = {isa = PBXFileReference; fileEncoding = 4; lastKnownFileType = file.xib; name = StatisticsCell.xib; path = View/StatisticsCell.xib; sourceTree = "<group>"; };
		9FA9E5F21EF22DE200061812 /* PreviewViewController.h */ = {isa = PBXFileReference; fileEncoding = 4; lastKnownFileType = sourcecode.c.h; name = PreviewViewController.h; path = View/PreviewViewController.h; sourceTree = "<group>"; };
		9FA9E5F31EF22DE200061812 /* PreviewViewController.m */ = {isa = PBXFileReference; fileEncoding = 4; lastKnownFileType = sourcecode.c.objc; name = PreviewViewController.m; path = View/PreviewViewController.m; sourceTree = "<group>"; };
		9FA9E5F41EF22DE200061812 /* PreviewView.xib */ = {isa = PBXFileReference; fileEncoding = 4; lastKnownFileType = file.xib; name = PreviewView.xib; path = View/PreviewView.xib; sourceTree = "<group>"; };
		9FA9E5F71EF23A6600061812 /* Images.xcassets */ = {isa = PBXFileReference; lastKnownFileType = folder.assetcatalog; path = Images.xcassets; sourceTree = "<group>"; };
		9FAA8F781ED6DD56002E56EB /* Final_Work.app */ = {isa = PBXFileReference; explicitFileType = wrapper.application; includeInIndex = 0; path = Final_Work.app; sourceTree = BUILT_PRODUCTS_DIR; };
		9FAA8F7C1ED6DD56002E56EB /* main.m */ = {isa = PBXFileReference; lastKnownFileType = sourcecode.c.objc; path = main.m; sourceTree = "<group>"; };
		9FAA8F7E1ED6DD56002E56EB /* AppDelegate.h */ = {isa = PBXFileReference; lastKnownFileType = sourcecode.c.h; path = AppDelegate.h; sourceTree = "<group>"; };
		9FAA8F7F1ED6DD56002E56EB /* AppDelegate.m */ = {isa = PBXFileReference; lastKnownFileType = sourcecode.c.objc; path = AppDelegate.m; sourceTree = "<group>"; };
		9FAA8F8D1ED6DD56002E56EB /* Base */ = {isa = PBXFileReference; lastKnownFileType = file.storyboard; name = Base; path = Base.lproj/LaunchScreen.storyboard; sourceTree = "<group>"; };
		9FAA8F8F1ED6DD56002E56EB /* Info.plist */ = {isa = PBXFileReference; lastKnownFileType = text.plist.xml; path = Info.plist; sourceTree = "<group>"; };
		9FBFD3CD1EE706C100DBEFBC /* RootViewController.h */ = {isa = PBXFileReference; fileEncoding = 4; lastKnownFileType = sourcecode.c.h; name = RootViewController.h; path = View/RootViewController.h; sourceTree = "<group>"; };
		9FBFD3CE1EE706C100DBEFBC /* RootViewController.m */ = {isa = PBXFileReference; fileEncoding = 4; lastKnownFileType = sourcecode.c.objc; name = RootViewController.m; path = View/RootViewController.m; sourceTree = "<group>"; };
		9FBFD3CF1EE706C100DBEFBC /* RootView.xib */ = {isa = PBXFileReference; fileEncoding = 4; lastKnownFileType = file.xib; name = RootView.xib; path = View/RootView.xib; sourceTree = "<group>"; };
		9FBFD3D71EE7A2C800DBEFBC /* UIView+Utils.h */ = {isa = PBXFileReference; fileEncoding = 4; lastKnownFileType = sourcecode.c.h; path = "UIView+Utils.h"; sourceTree = "<group>"; };
		9FBFD3D81EE7A2C800DBEFBC /* UIView+Utils.m */ = {isa = PBXFileReference; fileEncoding = 4; lastKnownFileType = sourcecode.c.objc; path = "UIView+Utils.m"; sourceTree = "<group>"; };
		9FD904191EEBA10C0004D4C7 /* AddItemViewController.h */ = {isa = PBXFileReference; fileEncoding = 4; lastKnownFileType = sourcecode.c.h; name = AddItemViewController.h; path = View/AddItemViewController.h; sourceTree = "<group>"; };
		9FD9041A1EEBA10C0004D4C7 /* AddItemViewController.m */ = {isa = PBXFileReference; fileEncoding = 4; lastKnownFileType = sourcecode.c.objc; name = AddItemViewController.m; path = View/AddItemViewController.m; sourceTree = "<group>"; };
		BA6E706066076762D39E4848 /* Pods-Final_Work.release.xcconfig */ = {isa = PBXFileReference; includeInIndex = 1; lastKnownFileType = text.xcconfig; name = "Pods-Final_Work.release.xcconfig"; path = "Pods/Target Support Files/Pods-Final_Work/Pods-Final_Work.release.xcconfig"; sourceTree = "<group>"; };
/* End PBXFileReference section */

/* Begin PBXFrameworksBuildPhase section */
		9FAA8F751ED6DD56002E56EB /* Frameworks */ = {
			isa = PBXFrameworksBuildPhase;
			buildActionMask = 2147483647;
			files = (
				4A725E5FC71FFF30AC12E7EA /* Pods_Final_Work.framework in Frameworks */,
			);
			runOnlyForDeploymentPostprocessing = 0;
		};
/* End PBXFrameworksBuildPhase section */

/* Begin PBXGroup section */
		9ED95BCA32CAEE6746A66A38 /* Pods */ = {
			isa = PBXGroup;
			children = (
				33E82FFECD113A4621078F52 /* Pods-Final_Work.debug.xcconfig */,
				BA6E706066076762D39E4848 /* Pods-Final_Work.release.xcconfig */,
			);
			name = Pods;
			sourceTree = "<group>";
		};
		9F4A2A421ED8392D006CD86D /* View */ = {
			isa = PBXGroup;
			children = (
				9FBFD3CD1EE706C100DBEFBC /* RootViewController.h */,
				9FBFD3CE1EE706C100DBEFBC /* RootViewController.m */,
				9FBFD3CF1EE706C100DBEFBC /* RootView.xib */,
				9FD904191EEBA10C0004D4C7 /* AddItemViewController.h */,
				9FD9041A1EEBA10C0004D4C7 /* AddItemViewController.m */,
				9F80B3511EE844D5007F2BA4 /* AddItemView.xib */,
				9F80B36B1EE8EA3E007F2BA4 /* CostCell.h */,
				9F80B3761EE8EC8E007F2BA4 /* CostCell.m */,
				9F80B34F1EE844D5007F2BA4 /* CostCell.xib */,
				9F80B3821EE914DF007F2BA4 /* CostsListViewController.h */,
				9F80B3831EE914DF007F2BA4 /* CostsListViewController.m */,
				9F80B3841EE914DF007F2BA4 /* CostsListView.xib */,
				9F80B38A1EE91F6A007F2BA4 /* IncomesListViewController.h */,
				9F80B38B1EE91F6A007F2BA4 /* IncomesListViewController.m */,
				9F80B38C1EE91F6A007F2BA4 /* IncomesListView.xib */,
				9FA9E5E31EF17AF400061812 /* StatisticsChartViewController.h */,
				9FA9E5E41EF17AF400061812 /* StatisticsChartViewController.m */,
				9FA9E5E51EF17AF400061812 /* StatisticsChartView.xib */,
				9FA9E5E81EF1A35800061812 /* StatisticsCell.h */,
				9FA9E5E91EF1A35800061812 /* StatisticsCell.m */,
				9FA9E5EA1EF1A35900061812 /* StatisticsCell.xib */,
				9FA9E5D31EF0331D00061812 /* SettingViewController.h */,
				9FA9E5D41EF0331D00061812 /* SettingViewController.m */,
				9FA9E5D51EF0331D00061812 /* SettingView.xib */,
				9FA9E5F21EF22DE200061812 /* PreviewViewController.h */,
				9FA9E5F31EF22DE200061812 /* PreviewViewController.m */,
				9FA9E5F41EF22DE200061812 /* PreviewView.xib */,
			);
			name = View;
			sourceTree = "<group>";
		};
		9F4A2A431ED8393F006CD86D /* Model */ = {
			isa = PBXGroup;
			children = (
				9FA9E5CE1EF0235000061812 /* Item.h */,
				9FA9E5CF1EF0235000061812 /* Item.m */,
				9F80B3871EE9196F007F2BA4 /* ItemManager.h */,
				9F80B3881EE9196F007F2BA4 /* ItemManager.m */,
			);
			name = Model;
			sourceTree = "<group>";
		};
		9FAA8F6F1ED6DD56002E56EB = {
			isa = PBXGroup;
			children = (
				9FAA8F7A1ED6DD56002E56EB /* Final_Work */,
				9FAA8F791ED6DD56002E56EB /* Products */,
				9ED95BCA32CAEE6746A66A38 /* Pods */,
				C001681127D6F382413B6C89 /* Frameworks */,
			);
			sourceTree = "<group>";
		};
		9FAA8F791ED6DD56002E56EB /* Products */ = {
			isa = PBXGroup;
			children = (
				9FAA8F781ED6DD56002E56EB /* Final_Work.app */,
			);
			name = Products;
			sourceTree = "<group>";
		};
		9FAA8F7A1ED6DD56002E56EB /* Final_Work */ = {
			isa = PBXGroup;
			children = (
				9FD9040A1EEAEAF30004D4C7 /* CoreData */,
				9FBFD3D61EE7A2B300DBEFBC /* Utils */,
				9F4A2A431ED8393F006CD86D /* Model */,
				9F4A2A421ED8392D006CD86D /* View */,
				9FAA8F7E1ED6DD56002E56EB /* AppDelegate.h */,
				9FAA8F7F1ED6DD56002E56EB /* AppDelegate.m */,
				9FAA8F7B1ED6DD56002E56EB /* Supporting Files */,
			);
			path = Final_Work;
			sourceTree = "<group>";
		};
		9FAA8F7B1ED6DD56002E56EB /* Supporting Files */ = {
			isa = PBXGroup;
			children = (
				9FA9E5F71EF23A6600061812 /* Images.xcassets */,
				9FAA8F8F1ED6DD56002E56EB /* Info.plist */,
				9FA9E5D81EF045E700061812 /* Settings.bundle */,
				9FAA8F8C1ED6DD56002E56EB /* LaunchScreen.storyboard */,
				9FA9E5D11EF0238B00061812 /* Model.xcmappingmodel */,
				9F2B1B171EF02031005ED060 /* Final_Work.xcdatamodeld */,
				9FAA8F7C1ED6DD56002E56EB /* main.m */,
			);
			name = "Supporting Files";
			sourceTree = "<group>";
		};
		9FBFD3D61EE7A2B300DBEFBC /* Utils */ = {
			isa = PBXGroup;
			children = (
				9FBFD3D71EE7A2C800DBEFBC /* UIView+Utils.h */,
				9FBFD3D81EE7A2C800DBEFBC /* UIView+Utils.m */,
			);
			path = Utils;
			sourceTree = "<group>";
		};
		9FD9040A1EEAEAF30004D4C7 /* CoreData */ = {
			isa = PBXGroup;
			children = (
				9FA9E5CB1EF0234600061812 /* _Item.h */,
				9FA9E5CC1EF0234600061812 /* _Item.m */,
			);
			path = CoreData;
			sourceTree = "<group>";
		};
		C001681127D6F382413B6C89 /* Frameworks */ = {
			isa = PBXGroup;
			children = (
				4C5CB785AADEDDC369199F4C /* Pods_Final_Work.framework */,
			);
			name = Frameworks;
			sourceTree = "<group>";
		};
/* End PBXGroup section */

/* Begin PBXNativeTarget section */
		9FAA8F771ED6DD56002E56EB /* Final_Work */ = {
			isa = PBXNativeTarget;
			buildConfigurationList = 9FAA8F921ED6DD56002E56EB /* Build configuration list for PBXNativeTarget "Final_Work" */;
			buildPhases = (
				AE6F912017D4DAF79AF93265 /* [CP] Check Pods Manifest.lock */,
				9FAA8F741ED6DD56002E56EB /* Sources */,
				9FAA8F751ED6DD56002E56EB /* Frameworks */,
				9FAA8F761ED6DD56002E56EB /* Resources */,
				A60FE2D63F7E3568B37B2FD1 /* [CP] Embed Pods Frameworks */,
				EC3E364C025B4997CCE722C3 /* [CP] Copy Pods Resources */,
			);
			buildRules = (
			);
			dependencies = (
			);
			name = Final_Work;
			productName = Final_Work;
			productReference = 9FAA8F781ED6DD56002E56EB /* Final_Work.app */;
			productType = "com.apple.product-type.application";
		};
/* End PBXNativeTarget section */

/* Begin PBXProject section */
		9FAA8F701ED6DD56002E56EB /* Project object */ = {
			isa = PBXProject;
			attributes = {
				LastUpgradeCheck = 0830;
				ORGANIZATIONNAME = "Chang Hao Chao";
				TargetAttributes = {
					9FAA8F771ED6DD56002E56EB = {
						CreatedOnToolsVersion = 8.3.2;
						DevelopmentTeam = LRVMYCBTJ7;
						ProvisioningStyle = Automatic;
					};
				};
			};
			buildConfigurationList = 9FAA8F731ED6DD56002E56EB /* Build configuration list for PBXProject "Final_Work" */;
			compatibilityVersion = "Xcode 3.2";
			developmentRegion = English;
			hasScannedForEncodings = 0;
			knownRegions = (
				en,
				Base,
			);
			mainGroup = 9FAA8F6F1ED6DD56002E56EB;
			productRefGroup = 9FAA8F791ED6DD56002E56EB /* Products */;
			projectDirPath = "";
			projectRoot = "";
			targets = (
				9FAA8F771ED6DD56002E56EB /* Final_Work */,
			);
		};
/* End PBXProject section */

/* Begin PBXResourcesBuildPhase section */
		9FAA8F761ED6DD56002E56EB /* Resources */ = {
			isa = PBXResourcesBuildPhase;
			buildActionMask = 2147483647;
			files = (
				9FA9E5E71EF17AF400061812 /* StatisticsChartView.xib in Resources */,
				9FA9E5EC1EF1A35900061812 /* StatisticsCell.xib in Resources */,
				9FD904181EEB9D180004D4C7 /* AddItemView.xib in Resources */,
				9FA9E5F61EF22DE200061812 /* PreviewView.xib in Resources */,
				9F80B38E1EE91F6A007F2BA4 /* IncomesListView.xib in Resources */,
				9FBFD3D11EE706C100DBEFBC /* RootView.xib in Resources */,
				9F80B35A1EE844D5007F2BA4 /* CostCell.xib in Resources */,
				9FAA8F8E1ED6DD56002E56EB /* LaunchScreen.storyboard in Resources */,
				9F80B3861EE914DF007F2BA4 /* CostsListView.xib in Resources */,
				9FA9E5F81EF23A6600061812 /* Images.xcassets in Resources */,
				9FA9E5D91EF045E700061812 /* Settings.bundle in Resources */,
				9FA9E5D71EF0331D00061812 /* SettingView.xib in Resources */,
			);
			runOnlyForDeploymentPostprocessing = 0;
		};
/* End PBXResourcesBuildPhase section */

/* Begin PBXShellScriptBuildPhase section */
		A60FE2D63F7E3568B37B2FD1 /* [CP] Embed Pods Frameworks */ = {
			isa = PBXShellScriptBuildPhase;
			buildActionMask = 2147483647;
			files = (
			);
			inputPaths = (
			);
			name = "[CP] Embed Pods Frameworks";
			outputPaths = (
			);
			runOnlyForDeploymentPostprocessing = 0;
			shellPath = /bin/sh;
			shellScript = "\"${SRCROOT}/Pods/Target Support Files/Pods-Final_Work/Pods-Final_Work-frameworks.sh\"\n";
			showEnvVarsInLog = 0;
		};
		AE6F912017D4DAF79AF93265 /* [CP] Check Pods Manifest.lock */ = {
			isa = PBXShellScriptBuildPhase;
			buildActionMask = 2147483647;
			files = (
			);
			inputPaths = (
			);
			name = "[CP] Check Pods Manifest.lock";
			outputPaths = (
			);
			runOnlyForDeploymentPostprocessing = 0;
			shellPath = /bin/sh;
			shellScript = "diff \"${PODS_PODFILE_DIR_PATH}/Podfile.lock\" \"${PODS_ROOT}/Manifest.lock\" > /dev/null\nif [ $? != 0 ] ; then\n    # print error to STDERR\n    echo \"error: The sandbox is not in sync with the Podfile.lock. Run 'pod install' or update your CocoaPods installation.\" >&2\n    exit 1\nfi\n";
			showEnvVarsInLog = 0;
		};
		EC3E364C025B4997CCE722C3 /* [CP] Copy Pods Resources */ = {
			isa = PBXShellScriptBuildPhase;
			buildActionMask = 2147483647;
			files = (
			);
			inputPaths = (
			);
			name = "[CP] Copy Pods Resources";
			outputPaths = (
			);
			runOnlyForDeploymentPostprocessing = 0;
			shellPath = /bin/sh;
			shellScript = "\"${SRCROOT}/Pods/Target Support Files/Pods-Final_Work/Pods-Final_Work-resources.sh\"\n";
			showEnvVarsInLog = 0;
		};
/* End PBXShellScriptBuildPhase section */

/* Begin PBXSourcesBuildPhase section */
		9FAA8F741ED6DD56002E56EB /* Sources */ = {
			isa = PBXSourcesBuildPhase;
			buildActionMask = 2147483647;
			files = (
				9FA9E5D01EF0235000061812 /* Item.m in Sources */,
				9F80B38D1EE91F6A007F2BA4 /* IncomesListViewController.m in Sources */,
				9FD9041C1EEBA10C0004D4C7 /* AddItemViewController.m in Sources */,
				9FA9E5D61EF0331D00061812 /* SettingViewController.m in Sources */,
				9F80B3791EE8ED24007F2BA4 /* CostCell.m in Sources */,
				9FA9E5CD1EF0234600061812 /* _Item.m in Sources */,
				9FA9E5EB1EF1A35900061812 /* StatisticsCell.m in Sources */,
				9F2B1B191EF02031005ED060 /* Final_Work.xcdatamodeld in Sources */,
				9FA9E5E61EF17AF400061812 /* StatisticsChartViewController.m in Sources */,
				9FA9E5D21EF0238B00061812 /* Model.xcmappingmodel in Sources */,
				9F80B3851EE914DF007F2BA4 /* CostsListViewController.m in Sources */,
				9F80B3891EE9196F007F2BA4 /* ItemManager.m in Sources */,
				9FBFD3DA1EE7AB9300DBEFBC /* RootViewController.m in Sources */,
				9FA9E5F51EF22DE200061812 /* PreviewViewController.m in Sources */,
				9FBFD3D91EE7A2C800DBEFBC /* UIView+Utils.m in Sources */,
				9FAA8F801ED6DD56002E56EB /* AppDelegate.m in Sources */,
				9FAA8F7D1ED6DD56002E56EB /* main.m in Sources */,
			);
			runOnlyForDeploymentPostprocessing = 0;
		};
/* End PBXSourcesBuildPhase section */

/* Begin PBXVariantGroup section */
		9FAA8F8C1ED6DD56002E56EB /* LaunchScreen.storyboard */ = {
			isa = PBXVariantGroup;
			children = (
				9FAA8F8D1ED6DD56002E56EB /* Base */,
			);
			name = LaunchScreen.storyboard;
			sourceTree = "<group>";
		};
/* End PBXVariantGroup section */

/* Begin XCBuildConfiguration section */
		9FAA8F901ED6DD56002E56EB /* Debug */ = {
			isa = XCBuildConfiguration;
			buildSettings = {
				ALWAYS_SEARCH_USER_PATHS = NO;
				CLANG_ANALYZER_NONNULL = YES;
				CLANG_ANALYZER_NUMBER_OBJECT_CONVERSION = YES_AGGRESSIVE;
				CLANG_CXX_LANGUAGE_STANDARD = "gnu++0x";
				CLANG_CXX_LIBRARY = "libc++";
				CLANG_ENABLE_MODULES = YES;
				CLANG_ENABLE_OBJC_ARC = YES;
				CLANG_WARN_BOOL_CONVERSION = YES;
				CLANG_WARN_CONSTANT_CONVERSION = YES;
				CLANG_WARN_DIRECT_OBJC_ISA_USAGE = YES_ERROR;
				CLANG_WARN_DOCUMENTATION_COMMENTS = YES;
				CLANG_WARN_EMPTY_BODY = YES;
				CLANG_WARN_ENUM_CONVERSION = YES;
				CLANG_WARN_INFINITE_RECURSION = YES;
				CLANG_WARN_INT_CONVERSION = YES;
				CLANG_WARN_OBJC_ROOT_CLASS = YES_ERROR;
				CLANG_WARN_SUSPICIOUS_MOVE = YES;
				CLANG_WARN_UNREACHABLE_CODE = YES;
				CLANG_WARN__DUPLICATE_METHOD_MATCH = YES;
				"CODE_SIGN_IDENTITY[sdk=iphoneos*]" = "iPhone Developer";
				COPY_PHASE_STRIP = NO;
				DEBUG_INFORMATION_FORMAT = dwarf;
				ENABLE_STRICT_OBJC_MSGSEND = YES;
				ENABLE_TESTABILITY = YES;
				GCC_C_LANGUAGE_STANDARD = gnu99;
				GCC_DYNAMIC_NO_PIC = NO;
				GCC_NO_COMMON_BLOCKS = YES;
				GCC_OPTIMIZATION_LEVEL = 0;
				GCC_PREPROCESSOR_DEFINITIONS = (
					"DEBUG=1",
					"$(inherited)",
				);
				GCC_WARN_64_TO_32_BIT_CONVERSION = YES;
				GCC_WARN_ABOUT_RETURN_TYPE = YES_ERROR;
				GCC_WARN_UNDECLARED_SELECTOR = YES;
				GCC_WARN_UNINITIALIZED_AUTOS = YES_AGGRESSIVE;
				GCC_WARN_UNUSED_FUNCTION = YES;
				GCC_WARN_UNUSED_VARIABLE = YES;
				IPHONEOS_DEPLOYMENT_TARGET = 10.3;
				MTL_ENABLE_DEBUG_INFO = YES;
				ONLY_ACTIVE_ARCH = YES;
				SDKROOT = iphoneos;
			};
			name = Debug;
		};
		9FAA8F911ED6DD56002E56EB /* Release */ = {
			isa = XCBuildConfiguration;
			buildSettings = {
				ALWAYS_SEARCH_USER_PATHS = NO;
				CLANG_ANALYZER_NONNULL = YES;
				CLANG_ANALYZER_NUMBER_OBJECT_CONVERSION = YES_AGGRESSIVE;
				CLANG_CXX_LANGUAGE_STANDARD = "gnu++0x";
				CLANG_CXX_LIBRARY = "libc++";
				CLANG_ENABLE_MODULES = YES;
				CLANG_ENABLE_OBJC_ARC = YES;
				CLANG_WARN_BOOL_CONVERSION = YES;
				CLANG_WARN_CONSTANT_CONVERSION = YES;
				CLANG_WARN_DIRECT_OBJC_ISA_USAGE = YES_ERROR;
				CLANG_WARN_DOCUMENTATION_COMMENTS = YES;
				CLANG_WARN_EMPTY_BODY = YES;
				CLANG_WARN_ENUM_CONVERSION = YES;
				CLANG_WARN_INFINITE_RECURSION = YES;
				CLANG_WARN_INT_CONVERSION = YES;
				CLANG_WARN_OBJC_ROOT_CLASS = YES_ERROR;
				CLANG_WARN_SUSPICIOUS_MOVE = YES;
				CLANG_WARN_UNREACHABLE_CODE = YES;
				CLANG_WARN__DUPLICATE_METHOD_MATCH = YES;
				"CODE_SIGN_IDENTITY[sdk=iphoneos*]" = "iPhone Developer";
				COPY_PHASE_STRIP = NO;
				DEBUG_INFORMATION_FORMAT = "dwarf-with-dsym";
				ENABLE_NS_ASSERTIONS = NO;
				ENABLE_STRICT_OBJC_MSGSEND = YES;
				GCC_C_LANGUAGE_STANDARD = gnu99;
				GCC_NO_COMMON_BLOCKS = YES;
				GCC_WARN_64_TO_32_BIT_CONVERSION = YES;
				GCC_WARN_ABOUT_RETURN_TYPE = YES_ERROR;
				GCC_WARN_UNDECLARED_SELECTOR = YES;
				GCC_WARN_UNINITIALIZED_AUTOS = YES_AGGRESSIVE;
				GCC_WARN_UNUSED_FUNCTION = YES;
				GCC_WARN_UNUSED_VARIABLE = YES;
				IPHONEOS_DEPLOYMENT_TARGET = 10.3;
				MTL_ENABLE_DEBUG_INFO = NO;
				SDKROOT = iphoneos;
				VALIDATE_PRODUCT = YES;
			};
			name = Release;
		};
		9FAA8F931ED6DD56002E56EB /* Debug */ = {
			isa = XCBuildConfiguration;
			baseConfigurationReference = 33E82FFECD113A4621078F52 /* Pods-Final_Work.debug.xcconfig */;
			buildSettings = {
				ASSETCATALOG_COMPILER_APPICON_NAME = AppIcon;
				DEVELOPMENT_TEAM = LRVMYCBTJ7;
				INFOPLIST_FILE = Final_Work/Info.plist;
				IPHONEOS_DEPLOYMENT_TARGET = 10.2;
				LD_RUNPATH_SEARCH_PATHS = "$(inherited) @executable_path/Frameworks";
				PRODUCT_BUNDLE_IDENTIFIER = "Chchao.Final-Work";
				PRODUCT_NAME = "$(TARGET_NAME)";
				TARGETED_DEVICE_FAMILY = 1;
			};
			name = Debug;
		};
		9FAA8F941ED6DD56002E56EB /* Release */ = {
			isa = XCBuildConfiguration;
			baseConfigurationReference = BA6E706066076762D39E4848 /* Pods-Final_Work.release.xcconfig */;
			buildSettings = {
				ASSETCATALOG_COMPILER_APPICON_NAME = AppIcon;
				DEVELOPMENT_TEAM = LRVMYCBTJ7;
				INFOPLIST_FILE = Final_Work/Info.plist;
				IPHONEOS_DEPLOYMENT_TARGET = 10.2;
				LD_RUNPATH_SEARCH_PATHS = "$(inherited) @executable_path/Frameworks";
				PRODUCT_BUNDLE_IDENTIFIER = "Chchao.Final-Work";
				PRODUCT_NAME = "$(TARGET_NAME)";
				TARGETED_DEVICE_FAMILY = 1;
			};
			name = Release;
		};
/* End XCBuildConfiguration section */

/* Begin XCConfigurationList section */
		9FAA8F731ED6DD56002E56EB /* Build configuration list for PBXProject "Final_Work" */ = {
			isa = XCConfigurationList;
			buildConfigurations = (
				9FAA8F901ED6DD56002E56EB /* Debug */,
				9FAA8F911ED6DD56002E56EB /* Release */,
			);
			defaultConfigurationIsVisible = 0;
			defaultConfigurationName = Release;
		};
		9FAA8F921ED6DD56002E56EB /* Build configuration list for PBXNativeTarget "Final_Work" */ = {
			isa = XCConfigurationList;
			buildConfigurations = (
				9FAA8F931ED6DD56002E56EB /* Debug */,
				9FAA8F941ED6DD56002E56EB /* Release */,
			);
			defaultConfigurationIsVisible = 0;
			defaultConfigurationName = Release;
		};
/* End XCConfigurationList section */

/* Begin XCVersionGroup section */
		9F2B1B171EF02031005ED060 /* Final_Work.xcdatamodeld */ = {
			isa = XCVersionGroup;
			children = (
				9F2B1B201EF021E9005ED060 /* Final_Work 2.xcdatamodel */,
				9F2B1B181EF02031005ED060 /* Final_Work.xcdatamodel */,
			);
			currentVersion = 9F2B1B201EF021E9005ED060 /* Final_Work 2.xcdatamodel */;
			path = Final_Work.xcdatamodeld;
			sourceTree = "<group>";
			versionGroupType = wrapper.xcdatamodel;
		};
/* End XCVersionGroup section */
	};
	rootObject = 9FAA8F701ED6DD56002E56EB /* Project object */;
}
